
Microsoft Visual Studio Solution File, Format Version 11.00
# Visual Studio 2010
Project("{FAE04EC0-301F-11D3-BF4B-00C04F79EFBC}") = "HelloWorld", "HelloWorld\HelloWorld.csproj", "{03347F00-E052-40B6-AC80-B83C88E8849A}"
EndProject
Global
	GlobalSection(SolutionConfigurationPlatforms) = preSolution
		Debug|Any CPU = Debug|Any CPU
		Release|Any CPU = Release|Any CPU
	EndGlobalSection
	GlobalSection(ProjectConfigurationPlatforms) = postSolution
		{03347F00-E052-40B6-AC80-B83C88E8849A}.Debug|Any CPU.ActiveCfg = Debug|Any CPU
		{03347F00-E052-40B6-AC80-B83C88E8849A}.Debug|Any CPU.Build.0 = Debug|Any CPU
		{03347F00-E052-40B6-AC80-B83C88E8849A}.Release|Any CPU.ActiveCfg = Release|Any CPU
		{03347F00-E052-40B6-AC80-B83C88E8849A}.Release|Any CPU.Build.0 = Release|Any CPU
	EndGlobalSection
	GlobalSection(SolutionProperties) = preSolution
		HideSolutionNode = FALSE
	EndGlobalSection
EndGlobal
